
Microsoft Visual Studio Solution File, Format Version 12.00
# Visual Studio Version 17
VisualStudioVersion = 17.10.34928.147
MinimumVisualStudioVersion = 10.0.40219.1
Project("{FAE04EC0-301F-11D3-BF4B-00C04F79EFBC}") = "UniVerse", "UniVerse\UniVerse.csproj", "{2A2937A4-B03E-4659-A6E8-5202F2808F0D}"
EndProject
Project("{FAE04EC0-301F-11D3-BF4B-00C04F79EFBC}") = "UniVerse.DAL", "UniVerse.DAL\UniVerse.DAL.csproj", "{CE8D3A2F-90FF-4037-950D-89ECCDE78DF8}"
EndProject
Project("{FAE04EC0-301F-11D3-BF4B-00C04F79EFBC}") = "UniVerse.BAL", "UniVerse.BAL\UniVerse.BAL.csproj", "{B18B65D6-5D1F-481A-B04F-694BD3E2D851}"
EndProject
Project("{FAE04EC0-301F-11D3-BF4B-00C04F79EFBC}") = "UniVerse.Model", "UniVerse.Model\UniVerse.Model.csproj", "{8E2DCBC5-5AF2-4264-9CCF-B4054F00BEE8}"
EndProject
Project("{FAE04EC0-301F-11D3-BF4B-00C04F79EFBC}") = "UniVerse.Utility", "UniVerse.Utility\UniVerse.Utility.csproj", "{D08856FB-C2A6-40E7-8B16-AA031414F8C9}"
EndProject
Global
	GlobalSection(SolutionConfigurationPlatforms) = preSolution
		Debug|Any CPU = Debug|Any CPU
		Release|Any CPU = Release|Any CPU
	EndGlobalSection
	GlobalSection(ProjectConfigurationPlatforms) = postSolution
		{2A2937A4-B03E-4659-A6E8-5202F2808F0D}.Debug|Any CPU.ActiveCfg = Debug|Any CPU
		{2A2937A4-B03E-4659-A6E8-5202F2808F0D}.Debug|Any CPU.Build.0 = Debug|Any CPU
		{2A2937A4-B03E-4659-A6E8-5202F2808F0D}.Release|Any CPU.ActiveCfg = Release|Any CPU
		{2A2937A4-B03E-4659-A6E8-5202F2808F0D}.Release|Any CPU.Build.0 = Release|Any CPU
		{CE8D3A2F-90FF-4037-950D-89ECCDE78DF8}.Debug|Any CPU.ActiveCfg = Debug|Any CPU
		{CE8D3A2F-90FF-4037-950D-89ECCDE78DF8}.Debug|Any CPU.Build.0 = Debug|Any CPU
		{CE8D3A2F-90FF-4037-950D-89ECCDE78DF8}.Release|Any CPU.ActiveCfg = Release|Any CPU
		{CE8D3A2F-90FF-4037-950D-89ECCDE78DF8}.Release|Any CPU.Build.0 = Release|Any CPU
		{B18B65D6-5D1F-481A-B04F-694BD3E2D851}.Debug|Any CPU.ActiveCfg = Debug|Any CPU
		{B18B65D6-5D1F-481A-B04F-694BD3E2D851}.Debug|Any CPU.Build.0 = Debug|Any CPU
		{B18B65D6-5D1F-481A-B04F-694BD3E2D851}.Release|Any CPU.ActiveCfg = Release|Any CPU
		{B18B65D6-5D1F-481A-B04F-694BD3E2D851}.Release|Any CPU.Build.0 = Release|Any CPU
		{8E2DCBC5-5AF2-4264-9CCF-B4054F00BEE8}.Debug|Any CPU.ActiveCfg = Debug|Any CPU
		{8E2DCBC5-5AF2-4264-9CCF-B4054F00BEE8}.Debug|Any CPU.Build.0 = Debug|Any CPU
		{8E2DCBC5-5AF2-4264-9CCF-B4054F00BEE8}.Release|Any CPU.ActiveCfg = Release|Any CPU
		{8E2DCBC5-5AF2-4264-9CCF-B4054F00BEE8}.Release|Any CPU.Build.0 = Release|Any CPU
		{D08856FB-C2A6-40E7-8B16-AA031414F8C9}.Debug|Any CPU.ActiveCfg = Debug|Any CPU
		{D08856FB-C2A6-40E7-8B16-AA031414F8C9}.Debug|Any CPU.Build.0 = Debug|Any CPU
		{D08856FB-C2A6-40E7-8B16-AA031414F8C9}.Release|Any CPU.ActiveCfg = Release|Any CPU
		{D08856FB-C2A6-40E7-8B16-AA031414F8C9}.Release|Any CPU.Build.0 = Release|Any CPU
	EndGlobalSection
	GlobalSection(SolutionProperties) = preSolution
		HideSolutionNode = FALSE
	EndGlobalSection
	GlobalSection(ExtensibilityGlobals) = postSolution
		SolutionGuid = {F6D0AD31-835F-48FA-AD6B-186FE9874435}
	EndGlobalSection
EndGlobal
